PODS:
  - Masonry (0.6.4)
  - SDCycleScrollView (1.74):
    - SDWebImage (>= 4.0.0)
  - SDWebImage (4.2.2):
    - SDWebImage/Core (= 4.2.2)
  - SDWebImage/Core (4.2.2)

DEPENDENCIES:
  - Masonry (~> 0.6.4)
  - SDCycleScrollView (~> 1.64)
  - SDWebImage

SPEC CHECKSUMS:
  Masonry: 281802d04d787ea2973179ee8bcb50500579ede2
  SDCycleScrollView: f821215226f6146a35470721a9d6e83ec5cfb04b
  SDWebImage: 89a9d32cd520bbb46eb14e541d5109b3564af198

PODFILE CHECKSUM: 763c985d745abc7a4994ddeabe78d2d8c82d22b0

COCOAPODS: 1.2.1
